
Microsoft Visual Studio Solution File, Format Version 12.00
# Visual Studio Version 16
VisualStudioVersion = 16.0.30503.244
MinimumVisualStudioVersion = 10.0.40219.1
Project("{FAE04EC0-301F-11D3-BF4B-00C04F79EFBC}") = "UC3", "UC3\UC3.csproj", "{FC88AD8F-2883-4B15-AC9F-31E3F6626458}"
EndProject
Global
	GlobalSection(SolutionConfigurationPlatforms) = preSolution
		Debug|Any CPU = Debug|Any CPU
		Release|Any CPU = Release|Any CPU
	EndGlobalSection
	GlobalSection(ProjectConfigurationPlatforms) = postSolution
		{FC88AD8F-2883-4B15-AC9F-31E3F6626458}.Debug|Any CPU.ActiveCfg = Debug|Any CPU
		{FC88AD8F-2883-4B15-AC9F-31E3F6626458}.Debug|Any CPU.Build.0 = Debug|Any CPU
		{FC88AD8F-2883-4B15-AC9F-31E3F6626458}.Release|Any CPU.ActiveCfg = Release|Any CPU
		{FC88AD8F-2883-4B15-AC9F-31E3F6626458}.Release|Any CPU.Build.0 = Release|Any CPU
	EndGlobalSection
	GlobalSection(SolutionProperties) = preSolution
		HideSolutionNode = FALSE
	EndGlobalSection
	GlobalSection(ExtensibilityGlobals) = postSolution
		SolutionGuid = {7F0F07DD-9124-4D32-B95F-B273342DA2A6}
	EndGlobalSection
EndGlobal
